// !$*UTF8*$!
{
	archiveVersion = 1;
	classes = {
	};
	objectVersion = 55;
	objects = {

/* Begin PBXBuildFile section */
		19339E2428045510006B05FC /* UIViewController+Extension.swift in Sources */ = {isa = PBXBuildFile; fileRef = 19339E2328045510006B05FC /* UIViewController+Extension.swift */; };
		19339E2B280456F6006B05FC /* Almarai-Bold.ttf in Resources */ = {isa = PBXBuildFile; fileRef = 19339E26280456F6006B05FC /* Almarai-Bold.ttf */; };
		19339E2C280456F6006B05FC /* Almarai-ExtraBold.ttf in Resources */ = {isa = PBXBuildFile; fileRef = 19339E27280456F6006B05FC /* Almarai-ExtraBold.ttf */; };
		19339E2D280456F6006B05FC /* Almarai-Regular.ttf in Resources */ = {isa = PBXBuildFile; fileRef = 19339E28280456F6006B05FC /* Almarai-Regular.ttf */; };
		19339E2F280456F6006B05FC /* Almarai-Light.ttf in Resources */ = {isa = PBXBuildFile; fileRef = 19339E2A280456F6006B05FC /* Almarai-Light.ttf */; };
		19339E32280465D4006B05FC /* Date+Ext.swift in Sources */ = {isa = PBXBuildFile; fileRef = 19339E31280465D4006B05FC /* Date+Ext.swift */; };
		198F97BD2802DFC300E43FD5 /* AppDelegate.swift in Sources */ = {isa = PBXBuildFile; fileRef = 198F97BC2802DFC300E43FD5 /* AppDelegate.swift */; };
		198F97BF2802DFC300E43FD5 /* SceneDelegate.swift in Sources */ = {isa = PBXBuildFile; fileRef = 198F97BE2802DFC300E43FD5 /* SceneDelegate.swift */; };
		198F97C12802DFC300E43FD5 /* ViewController.swift in Sources */ = {isa = PBXBuildFile; fileRef = 198F97C02802DFC300E43FD5 /* ViewController.swift */; };
		198F97C42802DFC300E43FD5 /* Main.storyboard in Resources */ = {isa = PBXBuildFile; fileRef = 198F97C22802DFC300E43FD5 /* Main.storyboard */; };
		198F97C62802DFC600E43FD5 /* Assets.xcassets in Resources */ = {isa = PBXBuildFile; fileRef = 198F97C52802DFC600E43FD5 /* Assets.xcassets */; };
		198F97C92802DFC600E43FD5 /* LaunchScreen.storyboard in Resources */ = {isa = PBXBuildFile; fileRef = 198F97C72802DFC600E43FD5 /* LaunchScreen.storyboard */; };
		19CF36272803097E008AD04F /* HomeVC.swift in Sources */ = {isa = PBXBuildFile; fileRef = 19CF36262803097E008AD04F /* HomeVC.swift */; };
		19CF362B28030C59008AD04F /* NetworkManager.swift in Sources */ = {isa = PBXBuildFile; fileRef = 19CF362A28030C59008AD04F /* NetworkManager.swift */; };
		19CF362E28030D29008AD04F /* ErrorMessages.swift in Sources */ = {isa = PBXBuildFile; fileRef = 19CF362D28030D29008AD04F /* ErrorMessages.swift */; };
		19CF363128030E8A008AD04F /* DefaultImageView.swift in Sources */ = {isa = PBXBuildFile; fileRef = 19CF363028030E8A008AD04F /* DefaultImageView.swift */; };
		19CF363428030FC9008AD04F /* UIImageView+Extension.swift in Sources */ = {isa = PBXBuildFile; fileRef = 19CF363328030FC9008AD04F /* UIImageView+Extension.swift */; };
		19CF3638280311F9008AD04F /* DefaultTitleLabel.swift in Sources */ = {isa = PBXBuildFile; fileRef = 19CF3637280311F9008AD04F /* DefaultTitleLabel.swift */; };
		19CF363B2803125D008AD04F /* BodyLabel.swift in Sources */ = {isa = PBXBuildFile; fileRef = 19CF363A2803125D008AD04F /* BodyLabel.swift */; };
		19CF363E2803141E008AD04F /* DefaultView.swift in Sources */ = {isa = PBXBuildFile; fileRef = 19CF363D2803141E008AD04F /* DefaultView.swift */; };
		19CF364228031458008AD04F /* UIView+Extension.swift in Sources */ = {isa = PBXBuildFile; fileRef = 19CF364128031458008AD04F /* UIView+Extension.swift */; };
		19CF364628031657008AD04F /* RepoTableViewCell.swift in Sources */ = {isa = PBXBuildFile; fileRef = 19CF364528031657008AD04F /* RepoTableViewCell.swift */; };
		19CF364C28031F6C008AD04F /* RepoBase.swift in Sources */ = {isa = PBXBuildFile; fileRef = 19CF364B28031F6C008AD04F /* RepoBase.swift */; };
		19CF364E2803201A008AD04F /* Items.swift in Sources */ = {isa = PBXBuildFile; fileRef = 19CF364D2803201A008AD04F /* Items.swift */; };
		19CF365028032041008AD04F /* Owner.swift in Sources */ = {isa = PBXBuildFile; fileRef = 19CF364F28032041008AD04F /* Owner.swift */; };
		19CF365228032069008AD04F /* License.swift in Sources */ = {isa = PBXBuildFile; fileRef = 19CF365128032069008AD04F /* License.swift */; };
		19CF36542803231F008AD04F /* HomeViewModel.swift in Sources */ = {isa = PBXBuildFile; fileRef = 19CF36532803231F008AD04F /* HomeViewModel.swift */; };
		19CF365628032416008AD04F /* HomeCellViewModel.swift in Sources */ = {isa = PBXBuildFile; fileRef = 19CF365528032416008AD04F /* HomeCellViewModel.swift */; };
		19CF3659280327D7008AD04F /* Constant.swift in Sources */ = {isa = PBXBuildFile; fileRef = 19CF3658280327D7008AD04F /* Constant.swift */; };
/* End PBXBuildFile section */

/* Begin PBXFileReference section */
		19339E2328045510006B05FC /* UIViewController+Extension.swift */ = {isa = PBXFileReference; lastKnownFileType = sourcecode.swift; path = "UIViewController+Extension.swift"; sourceTree = "<group>"; };
		19339E26280456F6006B05FC /* Almarai-Bold.ttf */ = {isa = PBXFileReference; lastKnownFileType = file; path = "Almarai-Bold.ttf"; sourceTree = "<group>"; };
		19339E27280456F6006B05FC /* Almarai-ExtraBold.ttf */ = {isa = PBXFileReference; lastKnownFileType = file; path = "Almarai-ExtraBold.ttf"; sourceTree = "<group>"; };
		19339E28280456F6006B05FC /* Almarai-Regular.ttf */ = {isa = PBXFileReference; lastKnownFileType = file; path = "Almarai-Regular.ttf"; sourceTree = "<group>"; };
		19339E2A280456F6006B05FC /* Almarai-Light.ttf */ = {isa = PBXFileReference; lastKnownFileType = file; path = "Almarai-Light.ttf"; sourceTree = "<group>"; };
		19339E31280465D4006B05FC /* Date+Ext.swift */ = {isa = PBXFileReference; lastKnownFileType = sourcecode.swift; path = "Date+Ext.swift"; sourceTree = "<group>"; };
		198F97B92802DFC300E43FD5 /* GithubRepos.app */ = {isa = PBXFileReference; explicitFileType = wrapper.application; includeInIndex = 0; path = GithubRepos.app; sourceTree = BUILT_PRODUCTS_DIR; };
		198F97BC2802DFC300E43FD5 /* AppDelegate.swift */ = {isa = PBXFileReference; lastKnownFileType = sourcecode.swift; path = AppDelegate.swift; sourceTree = "<group>"; };
		198F97BE2802DFC300E43FD5 /* SceneDelegate.swift */ = {isa = PBXFileReference; lastKnownFileType = sourcecode.swift; path = SceneDelegate.swift; sourceTree = "<group>"; };
		198F97C02802DFC300E43FD5 /* ViewController.swift */ = {isa = PBXFileReference; lastKnownFileType = sourcecode.swift; path = ViewController.swift; sourceTree = "<group>"; };
		198F97C32802DFC300E43FD5 /* Base */ = {isa = PBXFileReference; lastKnownFileType = file.storyboard; name = Base; path = Base.lproj/Main.storyboard; sourceTree = "<group>"; };
		198F97C52802DFC600E43FD5 /* Assets.xcassets */ = {isa = PBXFileReference; lastKnownFileType = folder.assetcatalog; path = Assets.xcassets; sourceTree = "<group>"; };
		198F97C82802DFC600E43FD5 /* Base */ = {isa = PBXFileReference; lastKnownFileType = file.storyboard; name = Base; path = Base.lproj/LaunchScreen.storyboard; sourceTree = "<group>"; };
		198F97CA2802DFC600E43FD5 /* Info.plist */ = {isa = PBXFileReference; lastKnownFileType = text.plist.xml; path = Info.plist; sourceTree = "<group>"; };
		19CF36262803097E008AD04F /* HomeVC.swift */ = {isa = PBXFileReference; lastKnownFileType = sourcecode.swift; path = HomeVC.swift; sourceTree = "<group>"; };
		19CF362A28030C59008AD04F /* NetworkManager.swift */ = {isa = PBXFileReference; lastKnownFileType = sourcecode.swift; path = NetworkManager.swift; sourceTree = "<group>"; };
		19CF362D28030D29008AD04F /* ErrorMessages.swift */ = {isa = PBXFileReference; lastKnownFileType = sourcecode.swift; path = ErrorMessages.swift; sourceTree = "<group>"; };
		19CF363028030E8A008AD04F /* DefaultImageView.swift */ = {isa = PBXFileReference; lastKnownFileType = sourcecode.swift; path = DefaultImageView.swift; sourceTree = "<group>"; };
		19CF363328030FC9008AD04F /* UIImageView+Extension.swift */ = {isa = PBXFileReference; lastKnownFileType = sourcecode.swift; path = "UIImageView+Extension.swift"; sourceTree = "<group>"; };
		19CF3637280311F9008AD04F /* DefaultTitleLabel.swift */ = {isa = PBXFileReference; lastKnownFileType = sourcecode.swift; path = DefaultTitleLabel.swift; sourceTree = "<group>"; };
		19CF363A2803125D008AD04F /* BodyLabel.swift */ = {isa = PBXFileReference; lastKnownFileType = sourcecode.swift; path = BodyLabel.swift; sourceTree = "<group>"; };
		19CF363D2803141E008AD04F /* DefaultView.swift */ = {isa = PBXFileReference; lastKnownFileType = sourcecode.swift; path = DefaultView.swift; sourceTree = "<group>"; };
		19CF364128031458008AD04F /* UIView+Extension.swift */ = {isa = PBXFileReference; lastKnownFileType = sourcecode.swift; path = "UIView+Extension.swift"; sourceTree = "<group>"; };
		19CF364528031657008AD04F /* RepoTableViewCell.swift */ = {isa = PBXFileReference; lastKnownFileType = sourcecode.swift; path = RepoTableViewCell.swift; sourceTree = "<group>"; };
		19CF364B28031F6C008AD04F /* RepoBase.swift */ = {isa = PBXFileReference; lastKnownFileType = sourcecode.swift; path = RepoBase.swift; sourceTree = "<group>"; };
		19CF364D2803201A008AD04F /* Items.swift */ = {isa = PBXFileReference; lastKnownFileType = sourcecode.swift; path = Items.swift; sourceTree = "<group>"; };
		19CF364F28032041008AD04F /* Owner.swift */ = {isa = PBXFileReference; lastKnownFileType = sourcecode.swift; path = Owner.swift; sourceTree = "<group>"; };
		19CF365128032069008AD04F /* License.swift */ = {isa = PBXFileReference; lastKnownFileType = sourcecode.swift; path = License.swift; sourceTree = "<group>"; };
		19CF36532803231F008AD04F /* HomeViewModel.swift */ = {isa = PBXFileReference; lastKnownFileType = sourcecode.swift; path = HomeViewModel.swift; sourceTree = "<group>"; };
		19CF365528032416008AD04F /* HomeCellViewModel.swift */ = {isa = PBXFileReference; lastKnownFileType = sourcecode.swift; path = HomeCellViewModel.swift; sourceTree = "<group>"; };
		19CF3658280327D7008AD04F /* Constant.swift */ = {isa = PBXFileReference; lastKnownFileType = sourcecode.swift; path = Constant.swift; sourceTree = "<group>"; };
/* End PBXFileReference section */

/* Begin PBXFrameworksBuildPhase section */
		198F97B62802DFC300E43FD5 /* Frameworks */ = {
			isa = PBXFrameworksBuildPhase;
			buildActionMask = 2147483647;
			files = (
			);
			runOnlyForDeploymentPostprocessing = 0;
		};
/* End PBXFrameworksBuildPhase section */

/* Begin PBXGroup section */
		19339E22280454FD006B05FC /* UIViewController */ = {
			isa = PBXGroup;
			children = (
				19339E2328045510006B05FC /* UIViewController+Extension.swift */,
			);
			path = UIViewController;
			sourceTree = "<group>";
		};
		19339E25280456F6006B05FC /* Fonts */ = {
			isa = PBXGroup;
			children = (
				19339E26280456F6006B05FC /* Almarai-Bold.ttf */,
				19339E27280456F6006B05FC /* Almarai-ExtraBold.ttf */,
				19339E28280456F6006B05FC /* Almarai-Regular.ttf */,
				19339E2A280456F6006B05FC /* Almarai-Light.ttf */,
			);
			path = Fonts;
			sourceTree = "<group>";
		};
		19339E30280465B8006B05FC /* Date+Extension */ = {
			isa = PBXGroup;
			children = (
				19339E31280465D4006B05FC /* Date+Ext.swift */,
			);
			path = "Date+Extension";
			sourceTree = "<group>";
		};
		198F97B02802DFC300E43FD5 = {
			isa = PBXGroup;
			children = (
				198F97BB2802DFC300E43FD5 /* GithubRepos */,
				198F97BA2802DFC300E43FD5 /* Products */,
			);
			sourceTree = "<group>";
		};
		198F97BA2802DFC300E43FD5 /* Products */ = {
			isa = PBXGroup;
			children = (
				198F97B92802DFC300E43FD5 /* GithubRepos.app */,
			);
			name = Products;
			sourceTree = "<group>";
		};
		198F97BB2802DFC300E43FD5 /* GithubRepos */ = {
			isa = PBXGroup;
			children = (
				19339E25280456F6006B05FC /* Fonts */,
				19CF363228030FB4008AD04F /* Extension */,
				19CF362C28030CFD008AD04F /* Utilities */,
				19CF361F28030789008AD04F /* Ponso */,
				19CF3620280307C4008AD04F /* Model */,
				19CF3621280307E1008AD04F /* View */,
				19CF3622280307FE008AD04F /* ViewModel */,
				198F97BC2802DFC300E43FD5 /* AppDelegate.swift */,
				198F97BE2802DFC300E43FD5 /* SceneDelegate.swift */,
				198F97C02802DFC300E43FD5 /* ViewController.swift */,
				198F97C22802DFC300E43FD5 /* Main.storyboard */,
				198F97C52802DFC600E43FD5 /* Assets.xcassets */,
				198F97C72802DFC600E43FD5 /* LaunchScreen.storyboard */,
				198F97CA2802DFC600E43FD5 /* Info.plist */,
			);
			path = GithubRepos;
			sourceTree = "<group>";
		};
		19CF361F28030789008AD04F /* Ponso */ = {
			isa = PBXGroup;
			children = (
				19CF364A28031F5F008AD04F /* Repo */,
			);
			path = Ponso;
			sourceTree = "<group>";
		};
		19CF3620280307C4008AD04F /* Model */ = {
			isa = PBXGroup;
			children = (
				19CF362828030BCD008AD04F /* Manager */,
			);
			path = Model;
			sourceTree = "<group>";
		};
		19CF3621280307E1008AD04F /* View */ = {
			isa = PBXGroup;
			children = (
				19CF364328031619008AD04F /* Cells */,
				19CF363C280313ED008AD04F /* Views */,
				19CF3635280311B5008AD04F /* Labels */,
				19CF362F28030E6E008AD04F /* UIImageView */,
			);
			path = View;
			sourceTree = "<group>";
		};
		19CF3622280307FE008AD04F /* ViewModel */ = {
			isa = PBXGroup;
			children = (
				19CF3623280308F8008AD04F /* Home */,
			);
			path = ViewModel;
			sourceTree = "<group>";
		};
		19CF3623280308F8008AD04F /* Home */ = {
			isa = PBXGroup;
			children = (
				19CF362528030949008AD04F /* Controller */,
				19CF36242803093D008AD04F /* ViewModel */,
			);
			path = Home;
			sourceTree = "<group>";
		};
		19CF36242803093D008AD04F /* ViewModel */ = {
			isa = PBXGroup;
			children = (
				19CF36532803231F008AD04F /* HomeViewModel.swift */,
				19CF365528032416008AD04F /* HomeCellViewModel.swift */,
			);
			path = ViewModel;
			sourceTree = "<group>";
		};
		19CF362528030949008AD04F /* Controller */ = {
			isa = PBXGroup;
			children = (
				19CF36262803097E008AD04F /* HomeVC.swift */,
			);
			path = Controller;
			sourceTree = "<group>";
		};
		19CF362828030BCD008AD04F /* Manager */ = {
			isa = PBXGroup;
			children = (
				19CF362928030BDA008AD04F /* Network Layer */,
			);
			path = Manager;
			sourceTree = "<group>";
		};
		19CF362928030BDA008AD04F /* Network Layer */ = {
			isa = PBXGroup;
			children = (
				19CF362A28030C59008AD04F /* NetworkManager.swift */,
			);
			path = "Network Layer";
			sourceTree = "<group>";
		};
		19CF362C28030CFD008AD04F /* Utilities */ = {
			isa = PBXGroup;
			children = (
				19CF362D28030D29008AD04F /* ErrorMessages.swift */,
				19CF3658280327D7008AD04F /* Constant.swift */,
			);
			path = Utilities;
			sourceTree = "<group>";
		};
		19CF362F28030E6E008AD04F /* UIImageView */ = {
			isa = PBXGroup;
			children = (
				19CF363028030E8A008AD04F /* DefaultImageView.swift */,
			);
			path = UIImageView;
			sourceTree = "<group>";
		};
		19CF363228030FB4008AD04F /* Extension */ = {
			isa = PBXGroup;
			children = (
				19339E30280465B8006B05FC /* Date+Extension */,
				19339E22280454FD006B05FC /* UIViewController */,
				19CF36402803143A008AD04F /* UIView */,
				19CF363F2803142E008AD04F /* UIImageView */,
			);
			path = Extension;
			sourceTree = "<group>";
		};
		19CF3635280311B5008AD04F /* Labels */ = {
			isa = PBXGroup;
			children = (
				19CF36392803124D008AD04F /* Body */,
				19CF3636280311CF008AD04F /* Title */,
			);
			path = Labels;
			sourceTree = "<group>";
		};
		19CF3636280311CF008AD04F /* Title */ = {
			isa = PBXGroup;
			children = (
				19CF3637280311F9008AD04F /* DefaultTitleLabel.swift */,
			);
			path = Title;
			sourceTree = "<group>";
		};
		19CF36392803124D008AD04F /* Body */ = {
			isa = PBXGroup;
			children = (
				19CF363A2803125D008AD04F /* BodyLabel.swift */,
			);
			path = Body;
			sourceTree = "<group>";
		};
		19CF363C280313ED008AD04F /* Views */ = {
			isa = PBXGroup;
			children = (
				19CF363D2803141E008AD04F /* DefaultView.swift */,
			);
			path = Views;
			sourceTree = "<group>";
		};
		19CF363F2803142E008AD04F /* UIImageView */ = {
			isa = PBXGroup;
			children = (
				19CF363328030FC9008AD04F /* UIImageView+Extension.swift */,
			);
			path = UIImageView;
			sourceTree = "<group>";
		};
		19CF36402803143A008AD04F /* UIView */ = {
			isa = PBXGroup;
			children = (
				19CF364128031458008AD04F /* UIView+Extension.swift */,
			);
			path = UIView;
			sourceTree = "<group>";
		};
		19CF364328031619008AD04F /* Cells */ = {
			isa = PBXGroup;
			children = (
				19CF364428031620008AD04F /* TableViewCells */,
			);
			path = Cells;
			sourceTree = "<group>";
		};
		19CF364428031620008AD04F /* TableViewCells */ = {
			isa = PBXGroup;
			children = (
				19CF364528031657008AD04F /* RepoTableViewCell.swift */,
			);
			path = TableViewCells;
			sourceTree = "<group>";
		};
		19CF364A28031F5F008AD04F /* Repo */ = {
			isa = PBXGroup;
			children = (
				19CF364B28031F6C008AD04F /* RepoBase.swift */,
				19CF364D2803201A008AD04F /* Items.swift */,
				19CF364F28032041008AD04F /* Owner.swift */,
				19CF365128032069008AD04F /* License.swift */,
			);
			path = Repo;
			sourceTree = "<group>";
		};
/* End PBXGroup section */

/* Begin PBXNativeTarget section */
		198F97B82802DFC300E43FD5 /* GithubRepos */ = {
			isa = PBXNativeTarget;
			buildConfigurationList = 198F97CD2802DFC600E43FD5 /* Build configuration list for PBXNativeTarget "GithubRepos" */;
			buildPhases = (
				198F97B52802DFC300E43FD5 /* Sources */,
				198F97B62802DFC300E43FD5 /* Frameworks */,
				198F97B72802DFC300E43FD5 /* Resources */,
			);
			buildRules = (
			);
			dependencies = (
			);
			name = GithubRepos;
			productName = GithubRepos;
			productReference = 198F97B92802DFC300E43FD5 /* GithubRepos.app */;
			productType = "com.apple.product-type.application";
		};
/* End PBXNativeTarget section */

/* Begin PBXProject section */
		198F97B12802DFC300E43FD5 /* Project object */ = {
			isa = PBXProject;
			attributes = {
				BuildIndependentTargetsInParallel = 1;
				LastSwiftUpdateCheck = 1310;
				LastUpgradeCheck = 1310;
				TargetAttributes = {
					198F97B82802DFC300E43FD5 = {
						CreatedOnToolsVersion = 13.1;
					};
				};
			};
			buildConfigurationList = 198F97B42802DFC300E43FD5 /* Build configuration list for PBXProject "GithubRepos" */;
			compatibilityVersion = "Xcode 13.0";
			developmentRegion = en;
			hasScannedForEncodings = 0;
			knownRegions = (
				en,
				Base,
			);
			mainGroup = 198F97B02802DFC300E43FD5;
			productRefGroup = 198F97BA2802DFC300E43FD5 /* Products */;
			projectDirPath = "";
			projectRoot = "";
			targets = (
				198F97B82802DFC300E43FD5 /* GithubRepos */,
			);
		};
/* End PBXProject section */

/* Begin PBXResourcesBuildPhase section */
		198F97B72802DFC300E43FD5 /* Resources */ = {
			isa = PBXResourcesBuildPhase;
			buildActionMask = 2147483647;
			files = (
				198F97C92802DFC600E43FD5 /* LaunchScreen.storyboard in Resources */,
				19339E2F280456F6006B05FC /* Almarai-Light.ttf in Resources */,
				19339E2B280456F6006B05FC /* Almarai-Bold.ttf in Resources */,
				198F97C62802DFC600E43FD5 /* Assets.xcassets in Resources */,
				198F97C42802DFC300E43FD5 /* Main.storyboard in Resources */,
				19339E2C280456F6006B05FC /* Almarai-ExtraBold.ttf in Resources */,
				19339E2D280456F6006B05FC /* Almarai-Regular.ttf in Resources */,
			);
			runOnlyForDeploymentPostprocessing = 0;
		};
/* End PBXResourcesBuildPhase section */

/* Begin PBXSourcesBuildPhase section */
		198F97B52802DFC300E43FD5 /* Sources */ = {
			isa = PBXSourcesBuildPhase;
			buildActionMask = 2147483647;
			files = (
				198F97C12802DFC300E43FD5 /* ViewController.swift in Sources */,
				19CF36542803231F008AD04F /* HomeViewModel.swift in Sources */,
				19CF36272803097E008AD04F /* HomeVC.swift in Sources */,
				19CF364C28031F6C008AD04F /* RepoBase.swift in Sources */,
				19CF363B2803125D008AD04F /* BodyLabel.swift in Sources */,
				19CF3638280311F9008AD04F /* DefaultTitleLabel.swift in Sources */,
				19CF363428030FC9008AD04F /* UIImageView+Extension.swift in Sources */,
				19CF3659280327D7008AD04F /* Constant.swift in Sources */,
				19CF362E28030D29008AD04F /* ErrorMessages.swift in Sources */,
				19CF364228031458008AD04F /* UIView+Extension.swift in Sources */,
				19CF364E2803201A008AD04F /* Items.swift in Sources */,
				19CF362B28030C59008AD04F /* NetworkManager.swift in Sources */,
				198F97BD2802DFC300E43FD5 /* AppDelegate.swift in Sources */,
				19CF363E2803141E008AD04F /* DefaultView.swift in Sources */,
				19CF363128030E8A008AD04F /* DefaultImageView.swift in Sources */,
				19CF365028032041008AD04F /* Owner.swift in Sources */,
				19CF365628032416008AD04F /* HomeCellViewModel.swift in Sources */,
				19339E32280465D4006B05FC /* Date+Ext.swift in Sources */,
				19CF364628031657008AD04F /* RepoTableViewCell.swift in Sources */,
				19339E2428045510006B05FC /* UIViewController+Extension.swift in Sources */,
				198F97BF2802DFC300E43FD5 /* SceneDelegate.swift in Sources */,
				19CF365228032069008AD04F /* License.swift in Sources */,
			);
			runOnlyForDeploymentPostprocessing = 0;
		};
/* End PBXSourcesBuildPhase section */

/* Begin PBXVariantGroup section */
		198F97C22802DFC300E43FD5 /* Main.storyboard */ = {
			isa = PBXVariantGroup;
			children = (
				198F97C32802DFC300E43FD5 /* Base */,
			);
			name = Main.storyboard;
			sourceTree = "<group>";
		};
		198F97C72802DFC600E43FD5 /* LaunchScreen.storyboard */ = {
			isa = PBXVariantGroup;
			children = (
				198F97C82802DFC600E43FD5 /* Base */,
			);
			name = LaunchScreen.storyboard;
			sourceTree = "<group>";
		};
/* End PBXVariantGroup section */

/* Begin XCBuildConfiguration section */
		198F97CB2802DFC600E43FD5 /* Debug */ = {
			isa = XCBuildConfiguration;
			buildSettings = {
				ALWAYS_SEARCH_USER_PATHS = NO;
				CLANG_ANALYZER_NONNULL = YES;
				CLANG_ANALYZER_NUMBER_OBJECT_CONVERSION = YES_AGGRESSIVE;
				CLANG_CXX_LANGUAGE_STANDARD = "gnu++17";
				CLANG_CXX_LIBRARY = "libc++";
				CLANG_ENABLE_MODULES = YES;
				CLANG_ENABLE_OBJC_ARC = YES;
				CLANG_ENABLE_OBJC_WEAK = YES;
				CLANG_WARN_BLOCK_CAPTURE_AUTORELEASING = YES;
				CLANG_WARN_BOOL_CONVERSION = YES;
				CLANG_WARN_COMMA = YES;
				CLANG_WARN_CONSTANT_CONVERSION = YES;
				CLANG_WARN_DEPRECATED_OBJC_IMPLEMENTATIONS = YES;
				CLANG_WARN_DIRECT_OBJC_ISA_USAGE = YES_ERROR;
				CLANG_WARN_DOCUMENTATION_COMMENTS = YES;
				CLANG_WARN_EMPTY_BODY = YES;
				CLANG_WARN_ENUM_CONVERSION = YES;
				CLANG_WARN_INFINITE_RECURSION = YES;
				CLANG_WARN_INT_CONVERSION = YES;
				CLANG_WARN_NON_LITERAL_NULL_CONVERSION = YES;
				CLANG_WARN_OBJC_IMPLICIT_RETAIN_SELF = YES;
				CLANG_WARN_OBJC_LITERAL_CONVERSION = YES;
				CLANG_WARN_OBJC_ROOT_CLASS = YES_ERROR;
				CLANG_WARN_QUOTED_INCLUDE_IN_FRAMEWORK_HEADER = YES;
				CLANG_WARN_RANGE_LOOP_ANALYSIS = YES;
				CLANG_WARN_STRICT_PROTOTYPES = YES;
				CLANG_WARN_SUSPICIOUS_MOVE = YES;
				CLANG_WARN_UNGUARDED_AVAILABILITY = YES_AGGRESSIVE;
				CLANG_WARN_UNREACHABLE_CODE = YES;
				CLANG_WARN__DUPLICATE_METHOD_MATCH = YES;
				COPY_PHASE_STRIP = NO;
				DEBUG_INFORMATION_FORMAT = dwarf;
				ENABLE_STRICT_OBJC_MSGSEND = YES;
				ENABLE_TESTABILITY = YES;
				GCC_C_LANGUAGE_STANDARD = gnu11;
				GCC_DYNAMIC_NO_PIC = NO;
				GCC_NO_COMMON_BLOCKS = YES;
				GCC_OPTIMIZATION_LEVEL = 0;
				GCC_PREPROCESSOR_DEFINITIONS = (
					"DEBUG=1",
					"$(inherited)",
				);
				GCC_WARN_64_TO_32_BIT_CONVERSION = YES;
				GCC_WARN_ABOUT_RETURN_TYPE = YES_ERROR;
				GCC_WARN_UNDECLARED_SELECTOR = YES;
				GCC_WARN_UNINITIALIZED_AUTOS = YES_AGGRESSIVE;
				GCC_WARN_UNUSED_FUNCTION = YES;
				GCC_WARN_UNUSED_VARIABLE = YES;
				IPHONEOS_DEPLOYMENT_TARGET = 15.0;
				MTL_ENABLE_DEBUG_INFO = INCLUDE_SOURCE;
				MTL_FAST_MATH = YES;
				ONLY_ACTIVE_ARCH = YES;
				SDKROOT = iphoneos;
				SWIFT_ACTIVE_COMPILATION_CONDITIONS = DEBUG;
				SWIFT_OPTIMIZATION_LEVEL = "-Onone";
			};
			name = Debug;
		};
		198F97CC2802DFC600E43FD5 /* Release */ = {
			isa = XCBuildConfiguration;
			buildSettings = {
				ALWAYS_SEARCH_USER_PATHS = NO;
				CLANG_ANALYZER_NONNULL = YES;
				CLANG_ANALYZER_NUMBER_OBJECT_CONVERSION = YES_AGGRESSIVE;
				CLANG_CXX_LANGUAGE_STANDARD = "gnu++17";
				CLANG_CXX_LIBRARY = "libc++";
				CLANG_ENABLE_MODULES = YES;
				CLANG_ENABLE_OBJC_ARC = YES;
				CLANG_ENABLE_OBJC_WEAK = YES;
				CLANG_WARN_BLOCK_CAPTURE_AUTORELEASING = YES;
				CLANG_WARN_BOOL_CONVERSION = YES;
				CLANG_WARN_COMMA = YES;
				CLANG_WARN_CONSTANT_CONVERSION = YES;
				CLANG_WARN_DEPRECATED_OBJC_IMPLEMENTATIONS = YES;
				CLANG_WARN_DIRECT_OBJC_ISA_USAGE = YES_ERROR;
				CLANG_WARN_DOCUMENTATION_COMMENTS = YES;
				CLANG_WARN_EMPTY_BODY = YES;
				CLANG_WARN_ENUM_CONVERSION = YES;
				CLANG_WARN_INFINITE_RECURSION = YES;
				CLANG_WARN_INT_CONVERSION = YES;
				CLANG_WARN_NON_LITERAL_NULL_CONVERSION = YES;
				CLANG_WARN_OBJC_IMPLICIT_RETAIN_SELF = YES;
				CLANG_WARN_OBJC_LITERAL_CONVERSION = YES;
				CLANG_WARN_OBJC_ROOT_CLASS = YES_ERROR;
				CLANG_WARN_QUOTED_INCLUDE_IN_FRAMEWORK_HEADER = YES;
				CLANG_WARN_RANGE_LOOP_ANALYSIS = YES;
				CLANG_WARN_STRICT_PROTOTYPES = YES;
				CLANG_WARN_SUSPICIOUS_MOVE = YES;
				CLANG_WARN_UNGUARDED_AVAILABILITY = YES_AGGRESSIVE;
				CLANG_WARN_UNREACHABLE_CODE = YES;
				CLANG_WARN__DUPLICATE_METHOD_MATCH = YES;
				COPY_PHASE_STRIP = NO;
				DEBUG_INFORMATION_FORMAT = "dwarf-with-dsym";
				ENABLE_NS_ASSERTIONS = NO;
				ENABLE_STRICT_OBJC_MSGSEND = YES;
				GCC_C_LANGUAGE_STANDARD = gnu11;
				GCC_NO_COMMON_BLOCKS = YES;
				GCC_WARN_64_TO_32_BIT_CONVERSION = YES;
				GCC_WARN_ABOUT_RETURN_TYPE = YES_ERROR;
				GCC_WARN_UNDECLARED_SELECTOR = YES;
				GCC_WARN_UNINITIALIZED_AUTOS = YES_AGGRESSIVE;
				GCC_WARN_UNUSED_FUNCTION = YES;
				GCC_WARN_UNUSED_VARIABLE = YES;
				IPHONEOS_DEPLOYMENT_TARGET = 15.0;
				MTL_ENABLE_DEBUG_INFO = NO;
				MTL_FAST_MATH = YES;
				SDKROOT = iphoneos;
				SWIFT_COMPILATION_MODE = wholemodule;
				SWIFT_OPTIMIZATION_LEVEL = "-O";
				VALIDATE_PRODUCT = YES;
			};
			name = Release;
		};
		198F97CE2802DFC600E43FD5 /* Debug */ = {
			isa = XCBuildConfiguration;
			buildSettings = {
				ASSETCATALOG_COMPILER_APPICON_NAME = AppIcon;
				ASSETCATALOG_COMPILER_GLOBAL_ACCENT_COLOR_NAME = AccentColor;
				CODE_SIGN_STYLE = Automatic;
				CURRENT_PROJECT_VERSION = 1;
				DEVELOPMENT_TEAM = JT7ZHXC955;
				GENERATE_INFOPLIST_FILE = YES;
				INFOPLIST_FILE = GithubRepos/Info.plist;
				INFOPLIST_KEY_UIApplicationSupportsIndirectInputEvents = YES;
				INFOPLIST_KEY_UILaunchStoryboardName = LaunchScreen;
				INFOPLIST_KEY_UIMainStoryboardFile = Main;
				INFOPLIST_KEY_UISupportedInterfaceOrientations_iPad = "UIInterfaceOrientationPortrait UIInterfaceOrientationPortraitUpsideDown UIInterfaceOrientationLandscapeLeft UIInterfaceOrientationLandscapeRight";
				INFOPLIST_KEY_UISupportedInterfaceOrientations_iPhone = "UIInterfaceOrientationPortrait UIInterfaceOrientationLandscapeLeft UIInterfaceOrientationLandscapeRight";
				LD_RUNPATH_SEARCH_PATHS = (
					"$(inherited)",
					"@executable_path/Frameworks",
				);
				MARKETING_VERSION = 1.0;
				PRODUCT_BUNDLE_IDENTIFIER = eslam.GithubRepos;
				PRODUCT_NAME = "$(TARGET_NAME)";
				SWIFT_EMIT_LOC_STRINGS = YES;
				SWIFT_VERSION = 5.0;
				TARGETED_DEVICE_FAMILY = "1,2";
			};
			name = Debug;
		};
		198F97CF2802DFC600E43FD5 /* Release */ = {
			isa = XCBuildConfiguration;
			buildSettings = {
				ASSETCATALOG_COMPILER_APPICON_NAME = AppIcon;
				ASSETCATALOG_COMPILER_GLOBAL_ACCENT_COLOR_NAME = AccentColor;
				CODE_SIGN_STYLE = Automatic;
				CURRENT_PROJECT_VERSION = 1;
				DEVELOPMENT_TEAM = JT7ZHXC955;
				GENERATE_INFOPLIST_FILE = YES;
				INFOPLIST_FILE = GithubRepos/Info.plist;
				INFOPLIST_KEY_UIApplicationSupportsIndirectInputEvents = YES;
				INFOPLIST_KEY_UILaunchStoryboardName = LaunchScreen;
				INFOPLIST_KEY_UIMainStoryboardFile = Main;
				INFOPLIST_KEY_UISupportedInterfaceOrientations_iPad = "UIInterfaceOrientationPortrait UIInterfaceOrientationPortraitUpsideDown UIInterfaceOrientationLandscapeLeft UIInterfaceOrientationLandscapeRight";
				INFOPLIST_KEY_UISupportedInterfaceOrientations_iPhone = "UIInterfaceOrientationPortrait UIInterfaceOrientationLandscapeLeft UIInterfaceOrientationLandscapeRight";
				LD_RUNPATH_SEARCH_PATHS = (
					"$(inherited)",
					"@executable_path/Frameworks",
				);
				MARKETING_VERSION = 1.0;
				PRODUCT_BUNDLE_IDENTIFIER = eslam.GithubRepos;
				PRODUCT_NAME = "$(TARGET_NAME)";
				SWIFT_EMIT_LOC_STRINGS = YES;
				SWIFT_VERSION = 5.0;
				TARGETED_DEVICE_FAMILY = "1,2";
			};
			name = Release;
		};
/* End XCBuildConfiguration section */

/* Begin XCConfigurationList section */
		198F97B42802DFC300E43FD5 /* Build configuration list for PBXProject "GithubRepos" */ = {
			isa = XCConfigurationList;
			buildConfigurations = (
				198F97CB2802DFC600E43FD5 /* Debug */,
				198F97CC2802DFC600E43FD5 /* Release */,
			);
			defaultConfigurationIsVisible = 0;
			defaultConfigurationName = Release;
		};
		198F97CD2802DFC600E43FD5 /* Build configuration list for PBXNativeTarget "GithubRepos" */ = {
			isa = XCConfigurationList;
			buildConfigurations = (
				198F97CE2802DFC600E43FD5 /* Debug */,
				198F97CF2802DFC600E43FD5 /* Release */,
			);
			defaultConfigurationIsVisible = 0;
			defaultConfigurationName = Release;
		};
/* End XCConfigurationList section */
	};
	rootObject = 198F97B12802DFC300E43FD5 /* Project object */;
}
